
Microsoft Visual Studio Solution File, Format Version 12.00
# Visual Studio 15
VisualStudioVersion = 15.0.27130.2020
MinimumVisualStudioVersion = 10.0.40219.1
Project("{9A19103F-16F7-4668-BE54-9A1E7A4F7556}") = "Sikiro.SMS.Api", "Sikiro.SMS\Sikiro.SMS.Api.csproj", "{2B27B5C7-DAA5-40BB-80D3-A8C6A3B581F4}"
EndProject
Project("{9A19103F-16F7-4668-BE54-9A1E7A4F7556}") = "Sikiro.SMSService", "Sikiro.SMSService\Sikiro.SMSService.csproj", "{736EB72A-D2D2-409C-94F0-224BA5B74DDE}"
EndProject
Project("{9A19103F-16F7-4668-BE54-9A1E7A4F7556}") = "Sikiro,SMS.Tests", "Sikiro,SMS.Tests\Sikiro,SMS.Tests.csproj", "{DB96C524-3BBA-4BEB-829A-72FE860C1EA3}"
EndProject
Project("{2150E333-8FDC-42A3-9474-1A3956D46DE8}") = "1.数据库实体", "1.数据库实体", "{AB4D2BBD-ADBF-4C2C-8E3A-46B17AA1797E}"
EndProject
Project("{2150E333-8FDC-42A3-9474-1A3956D46DE8}") = "0.公共组件", "0.公共组件", "{C4F2BCF9-30F1-4F33-8FAE-8CBA85C7BC78}"
EndProject
Project("{2150E333-8FDC-42A3-9474-1A3956D46DE8}") = "9.单元测试", "9.单元测试", "{0F753C0D-1E17-4853-A0C3-7F960A1ABF64}"
EndProject
Project("{2150E333-8FDC-42A3-9474-1A3956D46DE8}") = "2.业务服务", "2.业务服务", "{2F5937EE-F0B7-440E-924A-BFC5333CE868}"
EndProject
Project("{9A19103F-16F7-4668-BE54-9A1E7A4F7556}") = "Sikiro.SMS.Toolkits", "Sikiro.SMS.Toolkits\Sikiro.SMS.Toolkits.csproj", "{321EC7D6-2C54-4F16-8F6A-FBE591278DAC}"
EndProject
Project("{9A19103F-16F7-4668-BE54-9A1E7A4F7556}") = "Sikiro.Model", "Sikiro.Model\Sikiro.Model.csproj", "{A53573E6-2E72-4251-811F-6A2F2E942DAE}"
EndProject
Project("{2150E333-8FDC-42A3-9474-1A3956D46DE8}") = "6.队列消费服务", "6.队列消费服务", "{BB9583DE-99E1-4B5F-8E75-8D5014492693}"
EndProject
Project("{9A19103F-16F7-4668-BE54-9A1E7A4F7556}") = "Sikiro.SMS.Bus", "Sikiro.SMS.Bus\Sikiro.SMS.Bus.csproj", "{E4ED3127-5244-41E4-B966-91E8D3586983}"
EndProject
Project("{9A19103F-16F7-4668-BE54-9A1E7A4F7556}") = "Sikiro.SMS.SDK", "Sikiro.SMS.SDK\Sikiro.SMS.SDK.csproj", "{A5B9C1F5-C436-4667-AD1B-F86E98B459C9}"
EndProject
Project("{2150E333-8FDC-42A3-9474-1A3956D46DE8}") = "Solution Items", "Solution Items", "{3AA131F6-0858-435B-83DA-CB2FF77EE4A0}"
	ProjectSection(SolutionItems) = preProject
		Local.testsettings = Local.testsettings
	EndProjectSection
EndProject
Project("{FAE04EC0-301F-11D3-BF4B-00C04F79EFBC}") = "Sikiro.SMS.Api.LoadTest", "Sikiro.SMS.Api.LoadTest\Sikiro.SMS.Api.LoadTest.csproj", "{506C9F8B-48F0-48FF-BA8B-6F6386564205}"
EndProject
Project("{2150E333-8FDC-42A3-9474-1A3956D46DE8}") = "99.超时死信demo", "99.超时死信demo", "{E90EDDCB-3067-4729-8DAA-D26F55B732EC}"
EndProject
Project("{FAE04EC0-301F-11D3-BF4B-00C04F79EFBC}") = "MQ.Publish", "MQ.Publish\MQ.Publish.csproj", "{C2ECC42E-EC4B-4DD3-8EE6-F2516EE6C2C9}"
EndProject
Global
	GlobalSection(SolutionConfigurationPlatforms) = preSolution
		Debug|Any CPU = Debug|Any CPU
		Release|Any CPU = Release|Any CPU
	EndGlobalSection
	GlobalSection(ProjectConfigurationPlatforms) = postSolution
		{2B27B5C7-DAA5-40BB-80D3-A8C6A3B581F4}.Debug|Any CPU.ActiveCfg = Debug|Any CPU
		{2B27B5C7-DAA5-40BB-80D3-A8C6A3B581F4}.Debug|Any CPU.Build.0 = Debug|Any CPU
		{2B27B5C7-DAA5-40BB-80D3-A8C6A3B581F4}.Release|Any CPU.ActiveCfg = Release|Any CPU
		{2B27B5C7-DAA5-40BB-80D3-A8C6A3B581F4}.Release|Any CPU.Build.0 = Release|Any CPU
		{736EB72A-D2D2-409C-94F0-224BA5B74DDE}.Debug|Any CPU.ActiveCfg = Debug|Any CPU
		{736EB72A-D2D2-409C-94F0-224BA5B74DDE}.Debug|Any CPU.Build.0 = Debug|Any CPU
		{736EB72A-D2D2-409C-94F0-224BA5B74DDE}.Release|Any CPU.ActiveCfg = Release|Any CPU
		{736EB72A-D2D2-409C-94F0-224BA5B74DDE}.Release|Any CPU.Build.0 = Release|Any CPU
		{DB96C524-3BBA-4BEB-829A-72FE860C1EA3}.Debug|Any CPU.ActiveCfg = Debug|Any CPU
		{DB96C524-3BBA-4BEB-829A-72FE860C1EA3}.Debug|Any CPU.Build.0 = Debug|Any CPU
		{DB96C524-3BBA-4BEB-829A-72FE860C1EA3}.Release|Any CPU.ActiveCfg = Release|Any CPU
		{DB96C524-3BBA-4BEB-829A-72FE860C1EA3}.Release|Any CPU.Build.0 = Release|Any CPU
		{321EC7D6-2C54-4F16-8F6A-FBE591278DAC}.Debug|Any CPU.ActiveCfg = Debug|Any CPU
		{321EC7D6-2C54-4F16-8F6A-FBE591278DAC}.Debug|Any CPU.Build.0 = Debug|Any CPU
		{321EC7D6-2C54-4F16-8F6A-FBE591278DAC}.Release|Any CPU.ActiveCfg = Release|Any CPU
		{321EC7D6-2C54-4F16-8F6A-FBE591278DAC}.Release|Any CPU.Build.0 = Release|Any CPU
		{A53573E6-2E72-4251-811F-6A2F2E942DAE}.Debug|Any CPU.ActiveCfg = Debug|Any CPU
		{A53573E6-2E72-4251-811F-6A2F2E942DAE}.Debug|Any CPU.Build.0 = Debug|Any CPU
		{A53573E6-2E72-4251-811F-6A2F2E942DAE}.Release|Any CPU.ActiveCfg = Release|Any CPU
		{A53573E6-2E72-4251-811F-6A2F2E942DAE}.Release|Any CPU.Build.0 = Release|Any CPU
		{E4ED3127-5244-41E4-B966-91E8D3586983}.Debug|Any CPU.ActiveCfg = Debug|Any CPU
		{E4ED3127-5244-41E4-B966-91E8D3586983}.Debug|Any CPU.Build.0 = Debug|Any CPU
		{E4ED3127-5244-41E4-B966-91E8D3586983}.Release|Any CPU.ActiveCfg = Release|Any CPU
		{E4ED3127-5244-41E4-B966-91E8D3586983}.Release|Any CPU.Build.0 = Release|Any CPU
		{A5B9C1F5-C436-4667-AD1B-F86E98B459C9}.Debug|Any CPU.ActiveCfg = Debug|Any CPU
		{A5B9C1F5-C436-4667-AD1B-F86E98B459C9}.Debug|Any CPU.Build.0 = Debug|Any CPU
		{A5B9C1F5-C436-4667-AD1B-F86E98B459C9}.Release|Any CPU.ActiveCfg = Release|Any CPU
		{A5B9C1F5-C436-4667-AD1B-F86E98B459C9}.Release|Any CPU.Build.0 = Release|Any CPU
		{506C9F8B-48F0-48FF-BA8B-6F6386564205}.Debug|Any CPU.ActiveCfg = Debug|Any CPU
		{506C9F8B-48F0-48FF-BA8B-6F6386564205}.Debug|Any CPU.Build.0 = Debug|Any CPU
		{506C9F8B-48F0-48FF-BA8B-6F6386564205}.Release|Any CPU.ActiveCfg = Release|Any CPU
		{506C9F8B-48F0-48FF-BA8B-6F6386564205}.Release|Any CPU.Build.0 = Release|Any CPU
		{C2ECC42E-EC4B-4DD3-8EE6-F2516EE6C2C9}.Debug|Any CPU.ActiveCfg = Debug|Any CPU
		{C2ECC42E-EC4B-4DD3-8EE6-F2516EE6C2C9}.Debug|Any CPU.Build.0 = Debug|Any CPU
		{C2ECC42E-EC4B-4DD3-8EE6-F2516EE6C2C9}.Release|Any CPU.ActiveCfg = Release|Any CPU
		{C2ECC42E-EC4B-4DD3-8EE6-F2516EE6C2C9}.Release|Any CPU.Build.0 = Release|Any CPU
	EndGlobalSection
	GlobalSection(SolutionProperties) = preSolution
		HideSolutionNode = FALSE
	EndGlobalSection
	GlobalSection(NestedProjects) = preSolution
		{736EB72A-D2D2-409C-94F0-224BA5B74DDE} = {2F5937EE-F0B7-440E-924A-BFC5333CE868}
		{DB96C524-3BBA-4BEB-829A-72FE860C1EA3} = {0F753C0D-1E17-4853-A0C3-7F960A1ABF64}
		{321EC7D6-2C54-4F16-8F6A-FBE591278DAC} = {C4F2BCF9-30F1-4F33-8FAE-8CBA85C7BC78}
		{A53573E6-2E72-4251-811F-6A2F2E942DAE} = {AB4D2BBD-ADBF-4C2C-8E3A-46B17AA1797E}
		{E4ED3127-5244-41E4-B966-91E8D3586983} = {BB9583DE-99E1-4B5F-8E75-8D5014492693}
		{3AA131F6-0858-435B-83DA-CB2FF77EE4A0} = {0F753C0D-1E17-4853-A0C3-7F960A1ABF64}
		{506C9F8B-48F0-48FF-BA8B-6F6386564205} = {0F753C0D-1E17-4853-A0C3-7F960A1ABF64}
		{C2ECC42E-EC4B-4DD3-8EE6-F2516EE6C2C9} = {E90EDDCB-3067-4729-8DAA-D26F55B732EC}
	EndGlobalSection
	GlobalSection(ExtensibilityGlobals) = postSolution
		SolutionGuid = {29CD5C9D-EB91-4995-A615-52F036A93025}
	EndGlobalSection
EndGlobal
